
Microsoft Visual Studio Solution File, Format Version 12.00
# Visual Studio 15
VisualStudioVersion = 15.0.28010.2016
MinimumVisualStudioVersion = 10.0.40219.1
Project("{FAE04EC0-301F-11D3-BF4B-00C04F79EFBC}") = "AssignmentEAP", "AssignmentEAP\AssignmentEAP.csproj", "{C98643C4-8F17-42FE-BF52-E831AFC96038}"
EndProject
Global
	GlobalSection(SolutionConfigurationPlatforms) = preSolution
		Debug|Any CPU = Debug|Any CPU
		Release|Any CPU = Release|Any CPU
	EndGlobalSection
	GlobalSection(ProjectConfigurationPlatforms) = postSolution
		{C98643C4-8F17-42FE-BF52-E831AFC96038}.Debug|Any CPU.ActiveCfg = Debug|Any CPU
		{C98643C4-8F17-42FE-BF52-E831AFC96038}.Debug|Any CPU.Build.0 = Debug|Any CPU
		{C98643C4-8F17-42FE-BF52-E831AFC96038}.Release|Any CPU.ActiveCfg = Release|Any CPU
		{C98643C4-8F17-42FE-BF52-E831AFC96038}.Release|Any CPU.Build.0 = Release|Any CPU
	EndGlobalSection
	GlobalSection(SolutionProperties) = preSolution
		HideSolutionNode = FALSE
	EndGlobalSection
	GlobalSection(ExtensibilityGlobals) = postSolution
		SolutionGuid = {B036C77E-11D5-4BD9-BBDD-8CC44C9DAEBF}
	EndGlobalSection
EndGlobal
